// !$*UTF8*$!
{
	archiveVersion = 1;
	classes = {
	};
	objectVersion = 50;
	objects = {

/* Begin PBXBuildFile section */
		CD3F80CF2607C0DD00E5B6D7 /* SentMemesTableVC.swift in Sources */ = {isa = PBXBuildFile; fileRef = CD3F80CE2607C0DD00E5B6D7 /* SentMemesTableVC.swift */; };
		CD3F80D72607CD4F00E5B6D7 /* MemeDetailVC.swift in Sources */ = {isa = PBXBuildFile; fileRef = CD3F80D62607CD4F00E5B6D7 /* MemeDetailVC.swift */; };
		CD3F80DF2607D37500E5B6D7 /* SentMemesCollectionVC.swift in Sources */ = {isa = PBXBuildFile; fileRef = CD3F80DE2607D37500E5B6D7 /* SentMemesCollectionVC.swift */; };
		CD4A7E6E25EA830700879F28 /* AppDelegate.swift in Sources */ = {isa = PBXBuildFile; fileRef = CD4A7E6D25EA830700879F28 /* AppDelegate.swift */; };
		CD4A7E7025EA830700879F28 /* SceneDelegate.swift in Sources */ = {isa = PBXBuildFile; fileRef = CD4A7E6F25EA830700879F28 /* SceneDelegate.swift */; };
		CD4A7E7225EA830700879F28 /* MemeEditorViewController.swift in Sources */ = {isa = PBXBuildFile; fileRef = CD4A7E7125EA830700879F28 /* MemeEditorViewController.swift */; };
		CD4A7E7525EA830700879F28 /* Main.storyboard in Resources */ = {isa = PBXBuildFile; fileRef = CD4A7E7325EA830700879F28 /* Main.storyboard */; };
		CD4A7E7725EA830800879F28 /* Assets.xcassets in Resources */ = {isa = PBXBuildFile; fileRef = CD4A7E7625EA830800879F28 /* Assets.xcassets */; };
		CD4A7E7A25EA830800879F28 /* LaunchScreen.storyboard in Resources */ = {isa = PBXBuildFile; fileRef = CD4A7E7825EA830800879F28 /* LaunchScreen.storyboard */; };
		CD4A7E8525EA830800879F28 /* Meme1_0_2Tests.swift in Sources */ = {isa = PBXBuildFile; fileRef = CD4A7E8425EA830800879F28 /* Meme1_0_2Tests.swift */; };
		CD4A7E9025EA830900879F28 /* Meme1_0_2UITests.swift in Sources */ = {isa = PBXBuildFile; fileRef = CD4A7E8F25EA830900879F28 /* Meme1_0_2UITests.swift */; };
		CD6497D525EEB0FB00BE738E /* Meme.swift in Sources */ = {isa = PBXBuildFile; fileRef = CD6497D425EEB0FB00BE738E /* Meme.swift */; };
/* End PBXBuildFile section */

/* Begin PBXContainerItemProxy section */
		CD4A7E8125EA830800879F28 /* PBXContainerItemProxy */ = {
			isa = PBXContainerItemProxy;
			containerPortal = CD4A7E6225EA830700879F28 /* Project object */;
			proxyType = 1;
			remoteGlobalIDString = CD4A7E6925EA830700879F28;
			remoteInfo = "Meme1.0-2";
		};
		CD4A7E8C25EA830800879F28 /* PBXContainerItemProxy */ = {
			isa = PBXContainerItemProxy;
			containerPortal = CD4A7E6225EA830700879F28 /* Project object */;
			proxyType = 1;
			remoteGlobalIDString = CD4A7E6925EA830700879F28;
			remoteInfo = "Meme1.0-2";
		};
/* End PBXContainerItemProxy section */

/* Begin PBXFileReference section */
		CD3F80CE2607C0DD00E5B6D7 /* SentMemesTableVC.swift */ = {isa = PBXFileReference; lastKnownFileType = sourcecode.swift; path = SentMemesTableVC.swift; sourceTree = "<group>"; };
		CD3F80D62607CD4F00E5B6D7 /* MemeDetailVC.swift */ = {isa = PBXFileReference; lastKnownFileType = sourcecode.swift; path = MemeDetailVC.swift; sourceTree = "<group>"; };
		CD3F80DE2607D37500E5B6D7 /* SentMemesCollectionVC.swift */ = {isa = PBXFileReference; lastKnownFileType = sourcecode.swift; path = SentMemesCollectionVC.swift; sourceTree = "<group>"; };
		CD4A7E6A25EA830700879F28 /* Meme1.0-2.app */ = {isa = PBXFileReference; explicitFileType = wrapper.application; includeInIndex = 0; path = "Meme1.0-2.app"; sourceTree = BUILT_PRODUCTS_DIR; };
		CD4A7E6D25EA830700879F28 /* AppDelegate.swift */ = {isa = PBXFileReference; lastKnownFileType = sourcecode.swift; path = AppDelegate.swift; sourceTree = "<group>"; };
		CD4A7E6F25EA830700879F28 /* SceneDelegate.swift */ = {isa = PBXFileReference; lastKnownFileType = sourcecode.swift; path = SceneDelegate.swift; sourceTree = "<group>"; };
		CD4A7E7125EA830700879F28 /* MemeEditorViewController.swift */ = {isa = PBXFileReference; lastKnownFileType = sourcecode.swift; path = MemeEditorViewController.swift; sourceTree = "<group>"; };
		CD4A7E7425EA830700879F28 /* Base */ = {isa = PBXFileReference; lastKnownFileType = file.storyboard; name = Base; path = Base.lproj/Main.storyboard; sourceTree = "<group>"; };
		CD4A7E7625EA830800879F28 /* Assets.xcassets */ = {isa = PBXFileReference; lastKnownFileType = folder.assetcatalog; path = Assets.xcassets; sourceTree = "<group>"; };
		CD4A7E7925EA830800879F28 /* Base */ = {isa = PBXFileReference; lastKnownFileType = file.storyboard; name = Base; path = Base.lproj/LaunchScreen.storyboard; sourceTree = "<group>"; };
		CD4A7E7B25EA830800879F28 /* Info.plist */ = {isa = PBXFileReference; lastKnownFileType = text.plist.xml; path = Info.plist; sourceTree = "<group>"; };
		CD4A7E8025EA830800879F28 /* Meme1.0-2Tests.xctest */ = {isa = PBXFileReference; explicitFileType = wrapper.cfbundle; includeInIndex = 0; path = "Meme1.0-2Tests.xctest"; sourceTree = BUILT_PRODUCTS_DIR; };
		CD4A7E8425EA830800879F28 /* Meme1_0_2Tests.swift */ = {isa = PBXFileReference; lastKnownFileType = sourcecode.swift; path = Meme1_0_2Tests.swift; sourceTree = "<group>"; };
		CD4A7E8625EA830800879F28 /* Info.plist */ = {isa = PBXFileReference; lastKnownFileType = text.plist.xml; path = Info.plist; sourceTree = "<group>"; };
		CD4A7E8B25EA830800879F28 /* Meme1.0-2UITests.xctest */ = {isa = PBXFileReference; explicitFileType = wrapper.cfbundle; includeInIndex = 0; path = "Meme1.0-2UITests.xctest"; sourceTree = BUILT_PRODUCTS_DIR; };
		CD4A7E8F25EA830900879F28 /* Meme1_0_2UITests.swift */ = {isa = PBXFileReference; lastKnownFileType = sourcecode.swift; path = Meme1_0_2UITests.swift; sourceTree = "<group>"; };
		CD4A7E9125EA830900879F28 /* Info.plist */ = {isa = PBXFileReference; lastKnownFileType = text.plist.xml; path = Info.plist; sourceTree = "<group>"; };
		CD6497D425EEB0FB00BE738E /* Meme.swift */ = {isa = PBXFileReference; lastKnownFileType = sourcecode.swift; path = Meme.swift; sourceTree = "<group>"; };
/* End PBXFileReference section */

/* Begin PBXFrameworksBuildPhase section */
		CD4A7E6725EA830700879F28 /* Frameworks */ = {
			isa = PBXFrameworksBuildPhase;
			buildActionMask = 2147483647;
			files = (
			);
			runOnlyForDeploymentPostprocessing = 0;
		};
		CD4A7E7D25EA830800879F28 /* Frameworks */ = {
			isa = PBXFrameworksBuildPhase;
			buildActionMask = 2147483647;
			files = (
			);
			runOnlyForDeploymentPostprocessing = 0;
		};
		CD4A7E8825EA830800879F28 /* Frameworks */ = {
			isa = PBXFrameworksBuildPhase;
			buildActionMask = 2147483647;
			files = (
			);
			runOnlyForDeploymentPostprocessing = 0;
		};
/* End PBXFrameworksBuildPhase section */

/* Begin PBXGroup section */
		CD4A7E6125EA830700879F28 = {
			isa = PBXGroup;
			children = (
				CD4A7E6C25EA830700879F28 /* Meme1.0-2 */,
				CD4A7E8325EA830800879F28 /* Meme1.0-2Tests */,
				CD4A7E8E25EA830800879F28 /* Meme1.0-2UITests */,
				CD4A7E6B25EA830700879F28 /* Products */,
			);
			sourceTree = "<group>";
		};
		CD4A7E6B25EA830700879F28 /* Products */ = {
			isa = PBXGroup;
			children = (
				CD4A7E6A25EA830700879F28 /* Meme1.0-2.app */,
				CD4A7E8025EA830800879F28 /* Meme1.0-2Tests.xctest */,
				CD4A7E8B25EA830800879F28 /* Meme1.0-2UITests.xctest */,
			);
			name = Products;
			sourceTree = "<group>";
		};
		CD4A7E6C25EA830700879F28 /* Meme1.0-2 */ = {
			isa = PBXGroup;
			children = (
				CD6497D325EEB0C300BE738E /* Models */,
				CD4A7E6D25EA830700879F28 /* AppDelegate.swift */,
				CD4A7E6F25EA830700879F28 /* SceneDelegate.swift */,
				CD3F80CE2607C0DD00E5B6D7 /* SentMemesTableVC.swift */,
				CD4A7E7125EA830700879F28 /* MemeEditorViewController.swift */,
				CD4A7E7325EA830700879F28 /* Main.storyboard */,
				CD4A7E7625EA830800879F28 /* Assets.xcassets */,
				CD4A7E7825EA830800879F28 /* LaunchScreen.storyboard */,
				CD4A7E7B25EA830800879F28 /* Info.plist */,
				CD3F80D62607CD4F00E5B6D7 /* MemeDetailVC.swift */,
				CD3F80DE2607D37500E5B6D7 /* SentMemesCollectionVC.swift */,
			);
			path = "Meme1.0-2";
			sourceTree = "<group>";
		};
		CD4A7E8325EA830800879F28 /* Meme1.0-2Tests */ = {
			isa = PBXGroup;
			children = (
				CD4A7E8425EA830800879F28 /* Meme1_0_2Tests.swift */,
				CD4A7E8625EA830800879F28 /* Info.plist */,
			);
			path = "Meme1.0-2Tests";
			sourceTree = "<group>";
		};
		CD4A7E8E25EA830800879F28 /* Meme1.0-2UITests */ = {
			isa = PBXGroup;
			children = (
				CD4A7E8F25EA830900879F28 /* Meme1_0_2UITests.swift */,
				CD4A7E9125EA830900879F28 /* Info.plist */,
			);
			path = "Meme1.0-2UITests";
			sourceTree = "<group>";
		};
		CD6497D325EEB0C300BE738E /* Models */ = {
			isa = PBXGroup;
			children = (
				CD6497D425EEB0FB00BE738E /* Meme.swift */,
			);
			path = Models;
			sourceTree = "<group>";
		};
/* End PBXGroup section */

/* Begin PBXNativeTarget section */
		CD4A7E6925EA830700879F28 /* Meme1.0-2 */ = {
			isa = PBXNativeTarget;
			buildConfigurationList = CD4A7E9425EA830900879F28 /* Build configuration list for PBXNativeTarget "Meme1.0-2" */;
			buildPhases = (
				CD4A7E6625EA830700879F28 /* Sources */,
				CD4A7E6725EA830700879F28 /* Frameworks */,
				CD4A7E6825EA830700879F28 /* Resources */,
			);
			buildRules = (
			);
			dependencies = (
			);
			name = "Meme1.0-2";
			productName = "Meme1.0-2";
			productReference = CD4A7E6A25EA830700879F28 /* Meme1.0-2.app */;
			productType = "com.apple.product-type.application";
		};
		CD4A7E7F25EA830800879F28 /* Meme1.0-2Tests */ = {
			isa = PBXNativeTarget;
			buildConfigurationList = CD4A7E9725EA830900879F28 /* Build configuration list for PBXNativeTarget "Meme1.0-2Tests" */;
			buildPhases = (
				CD4A7E7C25EA830800879F28 /* Sources */,
				CD4A7E7D25EA830800879F28 /* Frameworks */,
				CD4A7E7E25EA830800879F28 /* Resources */,
			);
			buildRules = (
			);
			dependencies = (
				CD4A7E8225EA830800879F28 /* PBXTargetDependency */,
			);
			name = "Meme1.0-2Tests";
			productName = "Meme1.0-2Tests";
			productReference = CD4A7E8025EA830800879F28 /* Meme1.0-2Tests.xctest */;
			productType = "com.apple.product-type.bundle.unit-test";
		};
		CD4A7E8A25EA830800879F28 /* Meme1.0-2UITests */ = {
			isa = PBXNativeTarget;
			buildConfigurationList = CD4A7E9A25EA830900879F28 /* Build configuration list for PBXNativeTarget "Meme1.0-2UITests" */;
			buildPhases = (
				CD4A7E8725EA830800879F28 /* Sources */,
				CD4A7E8825EA830800879F28 /* Frameworks */,
				CD4A7E8925EA830800879F28 /* Resources */,
			);
			buildRules = (
			);
			dependencies = (
				CD4A7E8D25EA830800879F28 /* PBXTargetDependency */,
			);
			name = "Meme1.0-2UITests";
			productName = "Meme1.0-2UITests";
			productReference = CD4A7E8B25EA830800879F28 /* Meme1.0-2UITests.xctest */;
			productType = "com.apple.product-type.bundle.ui-testing";
		};
/* End PBXNativeTarget section */

/* Begin PBXProject section */
		CD4A7E6225EA830700879F28 /* Project object */ = {
			isa = PBXProject;
			attributes = {
				LastSwiftUpdateCheck = 1240;
				LastUpgradeCheck = 1240;
				TargetAttributes = {
					CD4A7E6925EA830700879F28 = {
						CreatedOnToolsVersion = 12.4;
					};
					CD4A7E7F25EA830800879F28 = {
						CreatedOnToolsVersion = 12.4;
						TestTargetID = CD4A7E6925EA830700879F28;
					};
					CD4A7E8A25EA830800879F28 = {
						CreatedOnToolsVersion = 12.4;
						TestTargetID = CD4A7E6925EA830700879F28;
					};
				};
			};
			buildConfigurationList = CD4A7E6525EA830700879F28 /* Build configuration list for PBXProject "Meme1.0-2" */;
			compatibilityVersion = "Xcode 9.3";
			developmentRegion = en;
			hasScannedForEncodings = 0;
			knownRegions = (
				en,
				Base,
			);
			mainGroup = CD4A7E6125EA830700879F28;
			productRefGroup = CD4A7E6B25EA830700879F28 /* Products */;
			projectDirPath = "";
			projectRoot = "";
			targets = (
				CD4A7E6925EA830700879F28 /* Meme1.0-2 */,
				CD4A7E7F25EA830800879F28 /* Meme1.0-2Tests */,
				CD4A7E8A25EA830800879F28 /* Meme1.0-2UITests */,
			);
		};
/* End PBXProject section */

/* Begin PBXResourcesBuildPhase section */
		CD4A7E6825EA830700879F28 /* Resources */ = {
			isa = PBXResourcesBuildPhase;
			buildActionMask = 2147483647;
			files = (
				CD4A7E7A25EA830800879F28 /* LaunchScreen.storyboard in Resources */,
				CD4A7E7725EA830800879F28 /* Assets.xcassets in Resources */,
				CD4A7E7525EA830700879F28 /* Main.storyboard in Resources */,
			);
			runOnlyForDeploymentPostprocessing = 0;
		};
		CD4A7E7E25EA830800879F28 /* Resources */ = {
			isa = PBXResourcesBuildPhase;
			buildActionMask = 2147483647;
			files = (
			);
			runOnlyForDeploymentPostprocessing = 0;
		};
		CD4A7E8925EA830800879F28 /* Resources */ = {
			isa = PBXResourcesBuildPhase;
			buildActionMask = 2147483647;
			files = (
			);
			runOnlyForDeploymentPostprocessing = 0;
		};
/* End PBXResourcesBuildPhase section */

/* Begin PBXSourcesBuildPhase section */
		CD4A7E6625EA830700879F28 /* Sources */ = {
			isa = PBXSourcesBuildPhase;
			buildActionMask = 2147483647;
			files = (
				CD3F80CF2607C0DD00E5B6D7 /* SentMemesTableVC.swift in Sources */,
				CD4A7E7225EA830700879F28 /* MemeEditorViewController.swift in Sources */,
				CD3F80D72607CD4F00E5B6D7 /* MemeDetailVC.swift in Sources */,
				CD6497D525EEB0FB00BE738E /* Meme.swift in Sources */,
				CD4A7E6E25EA830700879F28 /* AppDelegate.swift in Sources */,
				CD3F80DF2607D37500E5B6D7 /* SentMemesCollectionVC.swift in Sources */,
				CD4A7E7025EA830700879F28 /* SceneDelegate.swift in Sources */,
			);
			runOnlyForDeploymentPostprocessing = 0;
		};
		CD4A7E7C25EA830800879F28 /* Sources */ = {
			isa = PBXSourcesBuildPhase;
			buildActionMask = 2147483647;
			files = (
				CD4A7E8525EA830800879F28 /* Meme1_0_2Tests.swift in Sources */,
			);
			runOnlyForDeploymentPostprocessing = 0;
		};
		CD4A7E8725EA830800879F28 /* Sources */ = {
			isa = PBXSourcesBuildPhase;
			buildActionMask = 2147483647;
			files = (
				CD4A7E9025EA830900879F28 /* Meme1_0_2UITests.swift in Sources */,
			);
			runOnlyForDeploymentPostprocessing = 0;
		};
/* End PBXSourcesBuildPhase section */

/* Begin PBXTargetDependency section */
		CD4A7E8225EA830800879F28 /* PBXTargetDependency */ = {
			isa = PBXTargetDependency;
			target = CD4A7E6925EA830700879F28 /* Meme1.0-2 */;
			targetProxy = CD4A7E8125EA830800879F28 /* PBXContainerItemProxy */;
		};
		CD4A7E8D25EA830800879F28 /* PBXTargetDependency */ = {
			isa = PBXTargetDependency;
			target = CD4A7E6925EA830700879F28 /* Meme1.0-2 */;
			targetProxy = CD4A7E8C25EA830800879F28 /* PBXContainerItemProxy */;
		};
/* End PBXTargetDependency section */

/* Begin PBXVariantGroup section */
		CD4A7E7325EA830700879F28 /* Main.storyboard */ = {
			isa = PBXVariantGroup;
			children = (
				CD4A7E7425EA830700879F28 /* Base */,
			);
			name = Main.storyboard;
			sourceTree = "<group>";
		};
		CD4A7E7825EA830800879F28 /* LaunchScreen.storyboard */ = {
			isa = PBXVariantGroup;
			children = (
				CD4A7E7925EA830800879F28 /* Base */,
			);
			name = LaunchScreen.storyboard;
			sourceTree = "<group>";
		};
/* End PBXVariantGroup section */

/* Begin XCBuildConfiguration section */
		CD4A7E9225EA830900879F28 /* Debug */ = {
			isa = XCBuildConfiguration;
			buildSettings = {
				ALWAYS_SEARCH_USER_PATHS = NO;
				CLANG_ANALYZER_NONNULL = YES;
				CLANG_ANALYZER_NUMBER_OBJECT_CONVERSION = YES_AGGRESSIVE;
				CLANG_CXX_LANGUAGE_STANDARD = "gnu++14";
				CLANG_CXX_LIBRARY = "libc++";
				CLANG_ENABLE_MODULES = YES;
				CLANG_ENABLE_OBJC_ARC = YES;
				CLANG_ENABLE_OBJC_WEAK = YES;
				CLANG_WARN_BLOCK_CAPTURE_AUTORELEASING = YES;
				CLANG_WARN_BOOL_CONVERSION = YES;
				CLANG_WARN_COMMA = YES;
				CLANG_WARN_CONSTANT_CONVERSION = YES;
				CLANG_WARN_DEPRECATED_OBJC_IMPLEMENTATIONS = YES;
				CLANG_WARN_DIRECT_OBJC_ISA_USAGE = YES_ERROR;
				CLANG_WARN_DOCUMENTATION_COMMENTS = YES;
				CLANG_WARN_EMPTY_BODY = YES;
				CLANG_WARN_ENUM_CONVERSION = YES;
				CLANG_WARN_INFINITE_RECURSION = YES;
				CLANG_WARN_INT_CONVERSION = YES;
				CLANG_WARN_NON_LITERAL_NULL_CONVERSION = YES;
				CLANG_WARN_OBJC_IMPLICIT_RETAIN_SELF = YES;
				CLANG_WARN_OBJC_LITERAL_CONVERSION = YES;
				CLANG_WARN_OBJC_ROOT_CLASS = YES_ERROR;
				CLANG_WARN_QUOTED_INCLUDE_IN_FRAMEWORK_HEADER = YES;
				CLANG_WARN_RANGE_LOOP_ANALYSIS = YES;
				CLANG_WARN_STRICT_PROTOTYPES = YES;
				CLANG_WARN_SUSPICIOUS_MOVE = YES;
				CLANG_WARN_UNGUARDED_AVAILABILITY = YES_AGGRESSIVE;
				CLANG_WARN_UNREACHABLE_CODE = YES;
				CLANG_WARN__DUPLICATE_METHOD_MATCH = YES;
				COPY_PHASE_STRIP = NO;
				DEBUG_INFORMATION_FORMAT = dwarf;
				ENABLE_STRICT_OBJC_MSGSEND = YES;
				ENABLE_TESTABILITY = YES;
				GCC_C_LANGUAGE_STANDARD = gnu11;
				GCC_DYNAMIC_NO_PIC = NO;
				GCC_NO_COMMON_BLOCKS = YES;
				GCC_OPTIMIZATION_LEVEL = 0;
				GCC_PREPROCESSOR_DEFINITIONS = (
					"DEBUG=1",
					"$(inherited)",
				);
				GCC_WARN_64_TO_32_BIT_CONVERSION = YES;
				GCC_WARN_ABOUT_RETURN_TYPE = YES_ERROR;
				GCC_WARN_UNDECLARED_SELECTOR = YES;
				GCC_WARN_UNINITIALIZED_AUTOS = YES_AGGRESSIVE;
				GCC_WARN_UNUSED_FUNCTION = YES;
				GCC_WARN_UNUSED_VARIABLE = YES;
				IPHONEOS_DEPLOYMENT_TARGET = 14.4;
				MTL_ENABLE_DEBUG_INFO = INCLUDE_SOURCE;
				MTL_FAST_MATH = YES;
				ONLY_ACTIVE_ARCH = YES;
				SDKROOT = iphoneos;
				SWIFT_ACTIVE_COMPILATION_CONDITIONS = DEBUG;
				SWIFT_OPTIMIZATION_LEVEL = "-Onone";
			};
			name = Debug;
		};
		CD4A7E9325EA830900879F28 /* Release */ = {
			isa = XCBuildConfiguration;
			buildSettings = {
				ALWAYS_SEARCH_USER_PATHS = NO;
				CLANG_ANALYZER_NONNULL = YES;
				CLANG_ANALYZER_NUMBER_OBJECT_CONVERSION = YES_AGGRESSIVE;
				CLANG_CXX_LANGUAGE_STANDARD = "gnu++14";
				CLANG_CXX_LIBRARY = "libc++";
				CLANG_ENABLE_MODULES = YES;
				CLANG_ENABLE_OBJC_ARC = YES;
				CLANG_ENABLE_OBJC_WEAK = YES;
				CLANG_WARN_BLOCK_CAPTURE_AUTORELEASING = YES;
				CLANG_WARN_BOOL_CONVERSION = YES;
				CLANG_WARN_COMMA = YES;
				CLANG_WARN_CONSTANT_CONVERSION = YES;
				CLANG_WARN_DEPRECATED_OBJC_IMPLEMENTATIONS = YES;
				CLANG_WARN_DIRECT_OBJC_ISA_USAGE = YES_ERROR;
				CLANG_WARN_DOCUMENTATION_COMMENTS = YES;
				CLANG_WARN_EMPTY_BODY = YES;
				CLANG_WARN_ENUM_CONVERSION = YES;
				CLANG_WARN_INFINITE_RECURSION = YES;
				CLANG_WARN_INT_CONVERSION = YES;
				CLANG_WARN_NON_LITERAL_NULL_CONVERSION = YES;
				CLANG_WARN_OBJC_IMPLICIT_RETAIN_SELF = YES;
				CLANG_WARN_OBJC_LITERAL_CONVERSION = YES;
				CLANG_WARN_OBJC_ROOT_CLASS = YES_ERROR;
				CLANG_WARN_QUOTED_INCLUDE_IN_FRAMEWORK_HEADER = YES;
				CLANG_WARN_RANGE_LOOP_ANALYSIS = YES;
				CLANG_WARN_STRICT_PROTOTYPES = YES;
				CLANG_WARN_SUSPICIOUS_MOVE = YES;
				CLANG_WARN_UNGUARDED_AVAILABILITY = YES_AGGRESSIVE;
				CLANG_WARN_UNREACHABLE_CODE = YES;
				CLANG_WARN__DUPLICATE_METHOD_MATCH = YES;
				COPY_PHASE_STRIP = NO;
				DEBUG_INFORMATION_FORMAT = "dwarf-with-dsym";
				ENABLE_NS_ASSERTIONS = NO;
				ENABLE_STRICT_OBJC_MSGSEND = YES;
				GCC_C_LANGUAGE_STANDARD = gnu11;
				GCC_NO_COMMON_BLOCKS = YES;
				GCC_WARN_64_TO_32_BIT_CONVERSION = YES;
				GCC_WARN_ABOUT_RETURN_TYPE = YES_ERROR;
				GCC_WARN_UNDECLARED_SELECTOR = YES;
				GCC_WARN_UNINITIALIZED_AUTOS = YES_AGGRESSIVE;
				GCC_WARN_UNUSED_FUNCTION = YES;
				GCC_WARN_UNUSED_VARIABLE = YES;
				IPHONEOS_DEPLOYMENT_TARGET = 14.4;
				MTL_ENABLE_DEBUG_INFO = NO;
				MTL_FAST_MATH = YES;
				SDKROOT = iphoneos;
				SWIFT_COMPILATION_MODE = wholemodule;
				SWIFT_OPTIMIZATION_LEVEL = "-O";
				VALIDATE_PRODUCT = YES;
			};
			name = Release;
		};
		CD4A7E9525EA830900879F28 /* Debug */ = {
			isa = XCBuildConfiguration;
			buildSettings = {
				ASSETCATALOG_COMPILER_APPICON_NAME = AppIcon;
				ASSETCATALOG_COMPILER_GLOBAL_ACCENT_COLOR_NAME = AccentColor;
				CODE_SIGN_STYLE = Automatic;
				DEVELOPMENT_TEAM = DWZQMYFD84;
				INFOPLIST_FILE = "Meme1.0-2/Info.plist";
				IPHONEOS_DEPLOYMENT_TARGET = 14.4;
				LD_RUNPATH_SEARCH_PATHS = (
					"$(inherited)",
					"@executable_path/Frameworks",
				);
				PRODUCT_BUNDLE_IDENTIFIER = "com.tibebit.Meme1-0-2";
				PRODUCT_NAME = "$(TARGET_NAME)";
				SWIFT_VERSION = 5.0;
				TARGETED_DEVICE_FAMILY = "1,2";
			};
			name = Debug;
		};
		CD4A7E9625EA830900879F28 /* Release */ = {
			isa = XCBuildConfiguration;
			buildSettings = {
				ASSETCATALOG_COMPILER_APPICON_NAME = AppIcon;
				ASSETCATALOG_COMPILER_GLOBAL_ACCENT_COLOR_NAME = AccentColor;
				CODE_SIGN_STYLE = Automatic;
				DEVELOPMENT_TEAM = DWZQMYFD84;
				INFOPLIST_FILE = "Meme1.0-2/Info.plist";
				IPHONEOS_DEPLOYMENT_TARGET = 14.4;
				LD_RUNPATH_SEARCH_PATHS = (
					"$(inherited)",
					"@executable_path/Frameworks",
				);
				PRODUCT_BUNDLE_IDENTIFIER = "com.tibebit.Meme1-0-2";
				PRODUCT_NAME = "$(TARGET_NAME)";
				SWIFT_VERSION = 5.0;
				TARGETED_DEVICE_FAMILY = "1,2";
			};
			name = Release;
		};
		CD4A7E9825EA830900879F28 /* Debug */ = {
			isa = XCBuildConfiguration;
			buildSettings = {
				ALWAYS_EMBED_SWIFT_STANDARD_LIBRARIES = YES;
				BUNDLE_LOADER = "$(TEST_HOST)";
				CODE_SIGN_STYLE = Automatic;
				DEVELOPMENT_TEAM = DWZQMYFD84;
				INFOPLIST_FILE = "Meme1.0-2Tests/Info.plist";
				IPHONEOS_DEPLOYMENT_TARGET = 14.4;
				LD_RUNPATH_SEARCH_PATHS = (
					"$(inherited)",
					"@executable_path/Frameworks",
					"@loader_path/Frameworks",
				);
				PRODUCT_BUNDLE_IDENTIFIER = "com.tibebit.Meme1-0-2Tests";
				PRODUCT_NAME = "$(TARGET_NAME)";
				SWIFT_VERSION = 5.0;
				TARGETED_DEVICE_FAMILY = "1,2";
				TEST_HOST = "$(BUILT_PRODUCTS_DIR)/Meme1.0-2.app/Meme1.0-2";
			};
			name = Debug;
		};
		CD4A7E9925EA830900879F28 /* Release */ = {
			isa = XCBuildConfiguration;
			buildSettings = {
				ALWAYS_EMBED_SWIFT_STANDARD_LIBRARIES = YES;
				BUNDLE_LOADER = "$(TEST_HOST)";
				CODE_SIGN_STYLE = Automatic;
				DEVELOPMENT_TEAM = DWZQMYFD84;
				INFOPLIST_FILE = "Meme1.0-2Tests/Info.plist";
				IPHONEOS_DEPLOYMENT_TARGET = 14.4;
				LD_RUNPATH_SEARCH_PATHS = (
					"$(inherited)",
					"@executable_path/Frameworks",
					"@loader_path/Frameworks",
				);
				PRODUCT_BUNDLE_IDENTIFIER = "com.tibebit.Meme1-0-2Tests";
				PRODUCT_NAME = "$(TARGET_NAME)";
				SWIFT_VERSION = 5.0;
				TARGETED_DEVICE_FAMILY = "1,2";
				TEST_HOST = "$(BUILT_PRODUCTS_DIR)/Meme1.0-2.app/Meme1.0-2";
			};
			name = Release;
		};
		CD4A7E9B25EA830900879F28 /* Debug */ = {
			isa = XCBuildConfiguration;
			buildSettings = {
				ALWAYS_EMBED_SWIFT_STANDARD_LIBRARIES = YES;
				CODE_SIGN_STYLE = Automatic;
				DEVELOPMENT_TEAM = DWZQMYFD84;
				INFOPLIST_FILE = "Meme1.0-2UITests/Info.plist";
				LD_RUNPATH_SEARCH_PATHS = (
					"$(inherited)",
					"@executable_path/Frameworks",
					"@loader_path/Frameworks",
				);
				PRODUCT_BUNDLE_IDENTIFIER = "com.tibebit.Meme1-0-2UITests";
				PRODUCT_NAME = "$(TARGET_NAME)";
				SWIFT_VERSION = 5.0;
				TARGETED_DEVICE_FAMILY = "1,2";
				TEST_TARGET_NAME = "Meme1.0-2";
			};
			name = Debug;
		};
		CD4A7E9C25EA830900879F28 /* Release */ = {
			isa = XCBuildConfiguration;
			buildSettings = {
				ALWAYS_EMBED_SWIFT_STANDARD_LIBRARIES = YES;
				CODE_SIGN_STYLE = Automatic;
				DEVELOPMENT_TEAM = DWZQMYFD84;
				INFOPLIST_FILE = "Meme1.0-2UITests/Info.plist";
				LD_RUNPATH_SEARCH_PATHS = (
					"$(inherited)",
					"@executable_path/Frameworks",
					"@loader_path/Frameworks",
				);
				PRODUCT_BUNDLE_IDENTIFIER = "com.tibebit.Meme1-0-2UITests";
				PRODUCT_NAME = "$(TARGET_NAME)";
				SWIFT_VERSION = 5.0;
				TARGETED_DEVICE_FAMILY = "1,2";
				TEST_TARGET_NAME = "Meme1.0-2";
			};
			name = Release;
		};
/* End XCBuildConfiguration section */

/* Begin XCConfigurationList section */
		CD4A7E6525EA830700879F28 /* Build configuration list for PBXProject "Meme1.0-2" */ = {
			isa = XCConfigurationList;
			buildConfigurations = (
				CD4A7E9225EA830900879F28 /* Debug */,
				CD4A7E9325EA830900879F28 /* Release */,
			);
			defaultConfigurationIsVisible = 0;
			defaultConfigurationName = Release;
		};
		CD4A7E9425EA830900879F28 /* Build configuration list for PBXNativeTarget "Meme1.0-2" */ = {
			isa = XCConfigurationList;
			buildConfigurations = (
				CD4A7E9525EA830900879F28 /* Debug */,
				CD4A7E9625EA830900879F28 /* Release */,
			);
			defaultConfigurationIsVisible = 0;
			defaultConfigurationName = Release;
		};
		CD4A7E9725EA830900879F28 /* Build configuration list for PBXNativeTarget "Meme1.0-2Tests" */ = {
			isa = XCConfigurationList;
			buildConfigurations = (
				CD4A7E9825EA830900879F28 /* Debug */,
				CD4A7E9925EA830900879F28 /* Release */,
			);
			defaultConfigurationIsVisible = 0;
			defaultConfigurationName = Release;
		};
		CD4A7E9A25EA830900879F28 /* Build configuration list for PBXNativeTarget "Meme1.0-2UITests" */ = {
			isa = XCConfigurationList;
			buildConfigurations = (
				CD4A7E9B25EA830900879F28 /* Debug */,
				CD4A7E9C25EA830900879F28 /* Release */,
			);
			defaultConfigurationIsVisible = 0;
			defaultConfigurationName = Release;
		};
/* End XCConfigurationList section */
	};
	rootObject = CD4A7E6225EA830700879F28 /* Project object */;
}
